
Microsoft Visual Studio Solution File, Format Version 12.00
# Visual Studio Version 17
VisualStudioVersion = 17.7.34018.315
MinimumVisualStudioVersion = 10.0.40219.1
Project("{FAE04EC0-301F-11D3-BF4B-00C04F79EFBC}") = "responsi_aurora", "responsi_aurora.csproj", "{AD380781-66CC-4CAF-A1AD-B926BC8F7245}"
EndProject
Global
	GlobalSection(SolutionConfigurationPlatforms) = preSolution
		Debug|Any CPU = Debug|Any CPU
		Release|Any CPU = Release|Any CPU
	EndGlobalSection
	GlobalSection(ProjectConfigurationPlatforms) = postSolution
		{AD380781-66CC-4CAF-A1AD-B926BC8F7245}.Debug|Any CPU.ActiveCfg = Debug|Any CPU
		{AD380781-66CC-4CAF-A1AD-B926BC8F7245}.Debug|Any CPU.Build.0 = Debug|Any CPU
		{AD380781-66CC-4CAF-A1AD-B926BC8F7245}.Release|Any CPU.ActiveCfg = Release|Any CPU
		{AD380781-66CC-4CAF-A1AD-B926BC8F7245}.Release|Any CPU.Build.0 = Release|Any CPU
	EndGlobalSection
	GlobalSection(SolutionProperties) = preSolution
		HideSolutionNode = FALSE
	EndGlobalSection
	GlobalSection(ExtensibilityGlobals) = postSolution
		SolutionGuid = {E60B41D4-801B-4680-BA87-F6D3CE6970B4}
	EndGlobalSection
EndGlobal
